// !$*UTF8*$!
{
	archiveVersion = 1;
	classes = {
	};
	objectVersion = 46;
	objects = {

/* Begin PBXBuildFile section */
		4E48D1911A2D3292003244FA /* main.m in Sources */ = {isa = PBXBuildFile; fileRef = 4E48D1901A2D3292003244FA /* main.m */; };
		4E48D1941A2D3292003244FA /* AppDelegate.m in Sources */ = {isa = PBXBuildFile; fileRef = 4E48D1931A2D3292003244FA /* AppDelegate.m */; };
		4E48D1971A2D3292003244FA /* MainViewController.m in Sources */ = {isa = PBXBuildFile; fileRef = 4E48D1961A2D3292003244FA /* MainViewController.m */; };
		4E48D1AB1A2D3292003244FA /* DapsTests.m in Sources */ = {isa = PBXBuildFile; fileRef = 4E48D1AA1A2D3292003244FA /* DapsTests.m */; };
		4E48D1B91A2D372D003244FA /* Bolts.framework in Frameworks */ = {isa = PBXBuildFile; fileRef = 4E48D1B51A2D372D003244FA /* Bolts.framework */; };
		4E48D1BA1A2D372D003244FA /* ParseFacebookUtils.framework in Frameworks */ = {isa = PBXBuildFile; fileRef = 4E48D1B61A2D372D003244FA /* ParseFacebookUtils.framework */; };
		4E48D1BB1A2D372D003244FA /* ParseUI.framework in Frameworks */ = {isa = PBXBuildFile; fileRef = 4E48D1B71A2D372D003244FA /* ParseUI.framework */; };
		4E48D1BC1A2D372D003244FA /* Parse.framework in Frameworks */ = {isa = PBXBuildFile; fileRef = 4E48D1B81A2D372D003244FA /* Parse.framework */; };
		4E48D1BF1A2D3826003244FA /* AudioToolbox.framework in Frameworks */ = {isa = PBXBuildFile; fileRef = 4E48D1BE1A2D3826003244FA /* AudioToolbox.framework */; };
		4E48D1C11A2D382F003244FA /* CFNetwork.framework in Frameworks */ = {isa = PBXBuildFile; fileRef = 4E48D1C01A2D382F003244FA /* CFNetwork.framework */; };
		4E48D1C31A2D3836003244FA /* CoreGraphics.framework in Frameworks */ = {isa = PBXBuildFile; fileRef = 4E48D1C21A2D3836003244FA /* CoreGraphics.framework */; };
		4E48D1C51A2D383D003244FA /* CoreLocation.framework in Frameworks */ = {isa = PBXBuildFile; fileRef = 4E48D1C41A2D383D003244FA /* CoreLocation.framework */; };
		4E48D1C71A2D3845003244FA /* libz.dylib in Frameworks */ = {isa = PBXBuildFile; fileRef = 4E48D1C61A2D3845003244FA /* libz.dylib */; };
		4E48D1C91A2D384E003244FA /* MobileCoreServices.framework in Frameworks */ = {isa = PBXBuildFile; fileRef = 4E48D1C81A2D384E003244FA /* MobileCoreServices.framework */; };
		4E48D1CB1A2D3857003244FA /* QuartzCore.framework in Frameworks */ = {isa = PBXBuildFile; fileRef = 4E48D1CA1A2D3857003244FA /* QuartzCore.framework */; };
		4E48D1CD1A2D385D003244FA /* Security.framework in Frameworks */ = {isa = PBXBuildFile; fileRef = 4E48D1CC1A2D385D003244FA /* Security.framework */; };
		4E48D1CF1A2D3864003244FA /* StoreKit.framework in Frameworks */ = {isa = PBXBuildFile; fileRef = 4E48D1CE1A2D3864003244FA /* StoreKit.framework */; };
		4E48D1D11A2D386D003244FA /* SystemConfiguration.framework in Frameworks */ = {isa = PBXBuildFile; fileRef = 4E48D1D01A2D386D003244FA /* SystemConfiguration.framework */; };
		4E48D1D31A2D3989003244FA /* FacebookSDK.framework in Frameworks */ = {isa = PBXBuildFile; fileRef = 4E48D1D21A2D3989003244FA /* FacebookSDK.framework */; };
		4E48D1D61A2D3B0D003244FA /* LoginViewController.m in Sources */ = {isa = PBXBuildFile; fileRef = 4E48D1D51A2D3B0D003244FA /* LoginViewController.m */; };
		4E48D1FF1A2D3BC8003244FA /* FUIAlertView.m in Sources */ = {isa = PBXBuildFile; fileRef = 4E48D1DA1A2D3BC8003244FA /* FUIAlertView.m */; };
		4E48D2001A2D3BC8003244FA /* FUIButton.m in Sources */ = {isa = PBXBuildFile; fileRef = 4E48D1DC1A2D3BC8003244FA /* FUIButton.m */; };
		4E48D2011A2D3BC8003244FA /* FUICellBackgroundView.m in Sources */ = {isa = PBXBuildFile; fileRef = 4E48D1DE1A2D3BC8003244FA /* FUICellBackgroundView.m */; };
		4E48D2021A2D3BC8003244FA /* FUIPopoverBackgroundView.m in Sources */ = {isa = PBXBuildFile; fileRef = 4E48D1E01A2D3BC8003244FA /* FUIPopoverBackgroundView.m */; };
		4E48D2031A2D3BC8003244FA /* FUISegmentedControl.m in Sources */ = {isa = PBXBuildFile; fileRef = 4E48D1E21A2D3BC8003244FA /* FUISegmentedControl.m */; };
		4E48D2041A2D3BC8003244FA /* FUISwitch.m in Sources */ = {isa = PBXBuildFile; fileRef = 4E48D1E41A2D3BC8003244FA /* FUISwitch.m */; };
		4E48D2051A2D3BC8003244FA /* FUITextField.m in Sources */ = {isa = PBXBuildFile; fileRef = 4E48D1E61A2D3BC8003244FA /* FUITextField.m */; };
		4E48D2061A2D3BC8003244FA /* UIBarButtonItem+FlatUI.m in Sources */ = {isa = PBXBuildFile; fileRef = 4E48D1E81A2D3BC8003244FA /* UIBarButtonItem+FlatUI.m */; };
		4E48D2071A2D3BC8003244FA /* UIColor+FlatUI.m in Sources */ = {isa = PBXBuildFile; fileRef = 4E48D1EA1A2D3BC8003244FA /* UIColor+FlatUI.m */; };
		4E48D2081A2D3BC8003244FA /* UIFont+FlatUI.m in Sources */ = {isa = PBXBuildFile; fileRef = 4E48D1EC1A2D3BC8003244FA /* UIFont+FlatUI.m */; };
		4E48D2091A2D3BC8003244FA /* UIImage+FlatUI.m in Sources */ = {isa = PBXBuildFile; fileRef = 4E48D1EE1A2D3BC8003244FA /* UIImage+FlatUI.m */; };
		4E48D20A1A2D3BC8003244FA /* UINavigationBar+FlatUI.m in Sources */ = {isa = PBXBuildFile; fileRef = 4E48D1F01A2D3BC8003244FA /* UINavigationBar+FlatUI.m */; };
		4E48D20B1A2D3BC8003244FA /* UIPopoverController+FlatUI.m in Sources */ = {isa = PBXBuildFile; fileRef = 4E48D1F21A2D3BC8003244FA /* UIPopoverController+FlatUI.m */; };
		4E48D20C1A2D3BC8003244FA /* UIProgressView+FlatUI.m in Sources */ = {isa = PBXBuildFile; fileRef = 4E48D1F41A2D3BC8003244FA /* UIProgressView+FlatUI.m */; };
		4E48D20D1A2D3BC8003244FA /* UISlider+FlatUI.m in Sources */ = {isa = PBXBuildFile; fileRef = 4E48D1F61A2D3BC8003244FA /* UISlider+FlatUI.m */; };
		4E48D20E1A2D3BC8003244FA /* UIStepper+FlatUI.m in Sources */ = {isa = PBXBuildFile; fileRef = 4E48D1F81A2D3BC8003244FA /* UIStepper+FlatUI.m */; };
		4E48D20F1A2D3BC8003244FA /* UITabBar+FlatUI.m in Sources */ = {isa = PBXBuildFile; fileRef = 4E48D1FA1A2D3BC8003244FA /* UITabBar+FlatUI.m */; };
		4E48D2101A2D3BC8003244FA /* UITableViewCell+FlatUI.m in Sources */ = {isa = PBXBuildFile; fileRef = 4E48D1FC1A2D3BC8003244FA /* UITableViewCell+FlatUI.m */; };
		4E48D2111A2D3BC8003244FA /* UIToolbar+FlatUI.m in Sources */ = {isa = PBXBuildFile; fileRef = 4E48D1FE1A2D3BC8003244FA /* UIToolbar+FlatUI.m */; };
		4EDEF06E1A2D590D0026997E /* Images.xcassets in Resources */ = {isa = PBXBuildFile; fileRef = 4EDEF06D1A2D590D0026997E /* Images.xcassets */; };
/* End PBXBuildFile section */

/* Begin PBXContainerItemProxy section */
		4E48D1A51A2D3292003244FA /* PBXContainerItemProxy */ = {
			isa = PBXContainerItemProxy;
			containerPortal = 4E48D1831A2D3292003244FA /* Project object */;
			proxyType = 1;
			remoteGlobalIDString = 4E48D18A1A2D3292003244FA;
			remoteInfo = Daps;
		};
/* End PBXContainerItemProxy section */

/* Begin PBXFileReference section */
		4E48D18B1A2D3292003244FA /* Daps.app */ = {isa = PBXFileReference; explicitFileType = wrapper.application; includeInIndex = 0; path = Daps.app; sourceTree = BUILT_PRODUCTS_DIR; };
		4E48D18F1A2D3292003244FA /* Info.plist */ = {isa = PBXFileReference; lastKnownFileType = text.plist.xml; path = Info.plist; sourceTree = "<group>"; };
		4E48D1901A2D3292003244FA /* main.m */ = {isa = PBXFileReference; lastKnownFileType = sourcecode.c.objc; path = main.m; sourceTree = "<group>"; };
		4E48D1921A2D3292003244FA /* AppDelegate.h */ = {isa = PBXFileReference; lastKnownFileType = sourcecode.c.h; path = AppDelegate.h; sourceTree = "<group>"; };
		4E48D1931A2D3292003244FA /* AppDelegate.m */ = {isa = PBXFileReference; lastKnownFileType = sourcecode.c.objc; path = AppDelegate.m; sourceTree = "<group>"; };
		4E48D1951A2D3292003244FA /* MainViewController.h */ = {isa = PBXFileReference; lastKnownFileType = sourcecode.c.h; path = MainViewController.h; sourceTree = "<group>"; };
		4E48D1961A2D3292003244FA /* MainViewController.m */ = {isa = PBXFileReference; lastKnownFileType = sourcecode.c.objc; path = MainViewController.m; sourceTree = "<group>"; };
		4E48D1A41A2D3292003244FA /* DapsTests.xctest */ = {isa = PBXFileReference; explicitFileType = wrapper.cfbundle; includeInIndex = 0; path = DapsTests.xctest; sourceTree = BUILT_PRODUCTS_DIR; };
		4E48D1A91A2D3292003244FA /* Info.plist */ = {isa = PBXFileReference; lastKnownFileType = text.plist.xml; path = Info.plist; sourceTree = "<group>"; };
		4E48D1AA1A2D3292003244FA /* DapsTests.m */ = {isa = PBXFileReference; lastKnownFileType = sourcecode.c.objc; path = DapsTests.m; sourceTree = "<group>"; };
		4E48D1B51A2D372D003244FA /* Bolts.framework */ = {isa = PBXFileReference; lastKnownFileType = wrapper.framework; name = Bolts.framework; path = "../Downloads/parse-library-1.5.0/Bolts.framework"; sourceTree = "<group>"; };
		4E48D1B61A2D372D003244FA /* ParseFacebookUtils.framework */ = {isa = PBXFileReference; lastKnownFileType = wrapper.framework; name = ParseFacebookUtils.framework; path = "../Downloads/parse-library-1.5.0/ParseFacebookUtils.framework"; sourceTree = "<group>"; };
		4E48D1B71A2D372D003244FA /* ParseUI.framework */ = {isa = PBXFileReference; lastKnownFileType = wrapper.framework; name = ParseUI.framework; path = "../Downloads/parse-library-1.5.0/ParseUI.framework"; sourceTree = "<group>"; };
		4E48D1B81A2D372D003244FA /* Parse.framework */ = {isa = PBXFileReference; lastKnownFileType = wrapper.framework; name = Parse.framework; path = "../Downloads/parse-library-1.5.0/Parse.framework"; sourceTree = "<group>"; };
		4E48D1BE1A2D3826003244FA /* AudioToolbox.framework */ = {isa = PBXFileReference; lastKnownFileType = wrapper.framework; name = AudioToolbox.framework; path = System/Library/Frameworks/AudioToolbox.framework; sourceTree = SDKROOT; };
		4E48D1C01A2D382F003244FA /* CFNetwork.framework */ = {isa = PBXFileReference; lastKnownFileType = wrapper.framework; name = CFNetwork.framework; path = System/Library/Frameworks/CFNetwork.framework; sourceTree = SDKROOT; };
		4E48D1C21A2D3836003244FA /* CoreGraphics.framework */ = {isa = PBXFileReference; lastKnownFileType = wrapper.framework; name = CoreGraphics.framework; path = System/Library/Frameworks/CoreGraphics.framework; sourceTree = SDKROOT; };
		4E48D1C41A2D383D003244FA /* CoreLocation.framework */ = {isa = PBXFileReference; lastKnownFileType = wrapper.framework; name = CoreLocation.framework; path = System/Library/Frameworks/CoreLocation.framework; sourceTree = SDKROOT; };
		4E48D1C61A2D3845003244FA /* libz.dylib */ = {isa = PBXFileReference; lastKnownFileType = "compiled.mach-o.dylib"; name = libz.dylib; path = usr/lib/libz.dylib; sourceTree = SDKROOT; };
		4E48D1C81A2D384E003244FA /* MobileCoreServices.framework */ = {isa = PBXFileReference; lastKnownFileType = wrapper.framework; name = MobileCoreServices.framework; path = System/Library/Frameworks/MobileCoreServices.framework; sourceTree = SDKROOT; };
		4E48D1CA1A2D3857003244FA /* QuartzCore.framework */ = {isa = PBXFileReference; lastKnownFileType = wrapper.framework; name = QuartzCore.framework; path = System/Library/Frameworks/QuartzCore.framework; sourceTree = SDKROOT; };
		4E48D1CC1A2D385D003244FA /* Security.framework */ = {isa = PBXFileReference; lastKnownFileType = wrapper.framework; name = Security.framework; path = System/Library/Frameworks/Security.framework; sourceTree = SDKROOT; };
		4E48D1CE1A2D3864003244FA /* StoreKit.framework */ = {isa = PBXFileReference; lastKnownFileType = wrapper.framework; name = StoreKit.framework; path = System/Library/Frameworks/StoreKit.framework; sourceTree = SDKROOT; };
		4E48D1D01A2D386D003244FA /* SystemConfiguration.framework */ = {isa = PBXFileReference; lastKnownFileType = wrapper.framework; name = SystemConfiguration.framework; path = System/Library/Frameworks/SystemConfiguration.framework; sourceTree = SDKROOT; };
		4E48D1D21A2D3989003244FA /* FacebookSDK.framework */ = {isa = PBXFileReference; lastKnownFileType = wrapper.framework; name = FacebookSDK.framework; path = ../Documents/FacebookSDK/FacebookSDK.framework; sourceTree = "<group>"; };
		4E48D1D41A2D3B0D003244FA /* LoginViewController.h */ = {isa = PBXFileReference; fileEncoding = 4; lastKnownFileType = sourcecode.c.h; path = LoginViewController.h; sourceTree = "<group>"; };
		4E48D1D51A2D3B0D003244FA /* LoginViewController.m */ = {isa = PBXFileReference; fileEncoding = 4; lastKnownFileType = sourcecode.c.objc; path = LoginViewController.m; sourceTree = "<group>"; };
		4E48D1D81A2D3BC8003244FA /* FlatUIKit.h */ = {isa = PBXFileReference; fileEncoding = 4; lastKnownFileType = sourcecode.c.h; path = FlatUIKit.h; sourceTree = "<group>"; };
		4E48D1D91A2D3BC8003244FA /* FUIAlertView.h */ = {isa = PBXFileReference; fileEncoding = 4; lastKnownFileType = sourcecode.c.h; path = FUIAlertView.h; sourceTree = "<group>"; };
		4E48D1DA1A2D3BC8003244FA /* FUIAlertView.m */ = {isa = PBXFileReference; fileEncoding = 4; lastKnownFileType = sourcecode.c.objc; path = FUIAlertView.m; sourceTree = "<group>"; };
		4E48D1DB1A2D3BC8003244FA /* FUIButton.h */ = {isa = PBXFileReference; fileEncoding = 4; lastKnownFileType = sourcecode.c.h; path = FUIButton.h; sourceTree = "<group>"; };
		4E48D1DC1A2D3BC8003244FA /* FUIButton.m */ = {isa = PBXFileReference; fileEncoding = 4; lastKnownFileType = sourcecode.c.objc; path = FUIButton.m; sourceTree = "<group>"; };
		4E48D1DD1A2D3BC8003244FA /* FUICellBackgroundView.h */ = {isa = PBXFileReference; fileEncoding = 4; lastKnownFileType = sourcecode.c.h; path = FUICellBackgroundView.h; sourceTree = "<group>"; };
		4E48D1DE1A2D3BC8003244FA /* FUICellBackgroundView.m */ = {isa = PBXFileReference; fileEncoding = 4; lastKnownFileType = sourcecode.c.objc; path = FUICellBackgroundView.m; sourceTree = "<group>"; };
		4E48D1DF1A2D3BC8003244FA /* FUIPopoverBackgroundView.h */ = {isa = PBXFileReference; fileEncoding = 4; lastKnownFileType = sourcecode.c.h; path = FUIPopoverBackgroundView.h; sourceTree = "<group>"; };
		4E48D1E01A2D3BC8003244FA /* FUIPopoverBackgroundView.m */ = {isa = PBXFileReference; fileEncoding = 4; lastKnownFileType = sourcecode.c.objc; path = FUIPopoverBackgroundView.m; sourceTree = "<group>"; };
		4E48D1E11A2D3BC8003244FA /* FUISegmentedControl.h */ = {isa = PBXFileReference; fileEncoding = 4; lastKnownFileType = sourcecode.c.h; path = FUISegmentedControl.h; sourceTree = "<group>"; };
		4E48D1E21A2D3BC8003244FA /* FUISegmentedControl.m */ = {isa = PBXFileReference; fileEncoding = 4; lastKnownFileType = sourcecode.c.objc; path = FUISegmentedControl.m; sourceTree = "<group>"; };
		4E48D1E31A2D3BC8003244FA /* FUISwitch.h */ = {isa = PBXFileReference; fileEncoding = 4; lastKnownFileType = sourcecode.c.h; path = FUISwitch.h; sourceTree = "<group>"; };
		4E48D1E41A2D3BC8003244FA /* FUISwitch.m */ = {isa = PBXFileReference; fileEncoding = 4; lastKnownFileType = sourcecode.c.objc; path = FUISwitch.m; sourceTree = "<group>"; };
		4E48D1E51A2D3BC8003244FA /* FUITextField.h */ = {isa = PBXFileReference; fileEncoding = 4; lastKnownFileType = sourcecode.c.h; path = FUITextField.h; sourceTree = "<group>"; };
		4E48D1E61A2D3BC8003244FA /* FUITextField.m */ = {isa = PBXFileReference; fileEncoding = 4; lastKnownFileType = sourcecode.c.objc; path = FUITextField.m; sourceTree = "<group>"; };
		4E48D1E71A2D3BC8003244FA /* UIBarButtonItem+FlatUI.h */ = {isa = PBXFileReference; fileEncoding = 4; lastKnownFileType = sourcecode.c.h; path = "UIBarButtonItem+FlatUI.h"; sourceTree = "<group>"; };
		4E48D1E81A2D3BC8003244FA /* UIBarButtonItem+FlatUI.m */ = {isa = PBXFileReference; fileEncoding = 4; lastKnownFileType = sourcecode.c.objc; path = "UIBarButtonItem+FlatUI.m"; sourceTree = "<group>"; };
		4E48D1E91A2D3BC8003244FA /* UIColor+FlatUI.h */ = {isa = PBXFileReference; fileEncoding = 4; lastKnownFileType = sourcecode.c.h; path = "UIColor+FlatUI.h"; sourceTree = "<group>"; };
		4E48D1EA1A2D3BC8003244FA /* UIColor+FlatUI.m */ = {isa = PBXFileReference; fileEncoding = 4; lastKnownFileType = sourcecode.c.objc; path = "UIColor+FlatUI.m"; sourceTree = "<group>"; };
		4E48D1EB1A2D3BC8003244FA /* UIFont+FlatUI.h */ = {isa = PBXFileReference; fileEncoding = 4; lastKnownFileType = sourcecode.c.h; path = "UIFont+FlatUI.h"; sourceTree = "<group>"; };
		4E48D1EC1A2D3BC8003244FA /* UIFont+FlatUI.m */ = {isa = PBXFileReference; fileEncoding = 4; lastKnownFileType = sourcecode.c.objc; path = "UIFont+FlatUI.m"; sourceTree = "<group>"; };
		4E48D1ED1A2D3BC8003244FA /* UIImage+FlatUI.h */ = {isa = PBXFileReference; fileEncoding = 4; lastKnownFileType = sourcecode.c.h; path = "UIImage+FlatUI.h"; sourceTree = "<group>"; };
		4E48D1EE1A2D3BC8003244FA /* UIImage+FlatUI.m */ = {isa = PBXFileReference; fileEncoding = 4; lastKnownFileType = sourcecode.c.objc; path = "UIImage+FlatUI.m"; sourceTree = "<group>"; };
		4E48D1EF1A2D3BC8003244FA /* UINavigationBar+FlatUI.h */ = {isa = PBXFileReference; fileEncoding = 4; lastKnownFileType = sourcecode.c.h; path = "UINavigationBar+FlatUI.h"; sourceTree = "<group>"; };
		4E48D1F01A2D3BC8003244FA /* UINavigationBar+FlatUI.m */ = {isa = PBXFileReference; fileEncoding = 4; lastKnownFileType = sourcecode.c.objc; path = "UINavigationBar+FlatUI.m"; sourceTree = "<group>"; };
		4E48D1F11A2D3BC8003244FA /* UIPopoverController+FlatUI.h */ = {isa = PBXFileReference; fileEncoding = 4; lastKnownFileType = sourcecode.c.h; path = "UIPopoverController+FlatUI.h"; sourceTree = "<group>"; };
		4E48D1F21A2D3BC8003244FA /* UIPopoverController+FlatUI.m */ = {isa = PBXFileReference; fileEncoding = 4; lastKnownFileType = sourcecode.c.objc; path = "UIPopoverController+FlatUI.m"; sourceTree = "<group>"; };
		4E48D1F31A2D3BC8003244FA /* UIProgressView+FlatUI.h */ = {isa = PBXFileReference; fileEncoding = 4; lastKnownFileType = sourcecode.c.h; path = "UIProgressView+FlatUI.h"; sourceTree = "<group>"; };
		4E48D1F41A2D3BC8003244FA /* UIProgressView+FlatUI.m */ = {isa = PBXFileReference; fileEncoding = 4; lastKnownFileType = sourcecode.c.objc; path = "UIProgressView+FlatUI.m"; sourceTree = "<group>"; };
		4E48D1F51A2D3BC8003244FA /* UISlider+FlatUI.h */ = {isa = PBXFileReference; fileEncoding = 4; lastKnownFileType = sourcecode.c.h; path = "UISlider+FlatUI.h"; sourceTree = "<group>"; };
		4E48D1F61A2D3BC8003244FA /* UISlider+FlatUI.m */ = {isa = PBXFileReference; fileEncoding = 4; lastKnownFileType = sourcecode.c.objc; path = "UISlider+FlatUI.m"; sourceTree = "<group>"; };
		4E48D1F71A2D3BC8003244FA /* UIStepper+FlatUI.h */ = {isa = PBXFileReference; fileEncoding = 4; lastKnownFileType = sourcecode.c.h; path = "UIStepper+FlatUI.h"; sourceTree = "<group>"; };
		4E48D1F81A2D3BC8003244FA /* UIStepper+FlatUI.m */ = {isa = PBXFileReference; fileEncoding = 4; lastKnownFileType = sourcecode.c.objc; path = "UIStepper+FlatUI.m"; sourceTree = "<group>"; };
		4E48D1F91A2D3BC8003244FA /* UITabBar+FlatUI.h */ = {isa = PBXFileReference; fileEncoding = 4; lastKnownFileType = sourcecode.c.h; path = "UITabBar+FlatUI.h"; sourceTree = "<group>"; };
		4E48D1FA1A2D3BC8003244FA /* UITabBar+FlatUI.m */ = {isa = PBXFileReference; fileEncoding = 4; lastKnownFileType = sourcecode.c.objc; path = "UITabBar+FlatUI.m"; sourceTree = "<group>"; };
		4E48D1FB1A2D3BC8003244FA /* UITableViewCell+FlatUI.h */ = {isa = PBXFileReference; fileEncoding = 4; lastKnownFileType = sourcecode.c.h; path = "UITableViewCell+FlatUI.h"; sourceTree = "<group>"; };
		4E48D1FC1A2D3BC8003244FA /* UITableViewCell+FlatUI.m */ = {isa = PBXFileReference; fileEncoding = 4; lastKnownFileType = sourcecode.c.objc; path = "UITableViewCell+FlatUI.m"; sourceTree = "<group>"; };
		4E48D1FD1A2D3BC8003244FA /* UIToolbar+FlatUI.h */ = {isa = PBXFileReference; fileEncoding = 4; lastKnownFileType = sourcecode.c.h; path = "UIToolbar+FlatUI.h"; sourceTree = "<group>"; };
		4E48D1FE1A2D3BC8003244FA /* UIToolbar+FlatUI.m */ = {isa = PBXFileReference; fileEncoding = 4; lastKnownFileType = sourcecode.c.objc; path = "UIToolbar+FlatUI.m"; sourceTree = "<group>"; };
		4E48D2131A2D3BF8003244FA /* Lato-Bold.ttf */ = {isa = PBXFileReference; lastKnownFileType = file; path = "Lato-Bold.ttf"; sourceTree = "<group>"; };
		4E48D2141A2D3BF8003244FA /* Lato-Italic.ttf */ = {isa = PBXFileReference; lastKnownFileType = file; path = "Lato-Italic.ttf"; sourceTree = "<group>"; };
		4E48D2151A2D3BF8003244FA /* Lato-Light.ttf */ = {isa = PBXFileReference; lastKnownFileType = file; path = "Lato-Light.ttf"; sourceTree = "<group>"; };
		4E48D2161A2D3BF8003244FA /* Lato-Regular.ttf */ = {isa = PBXFileReference; lastKnownFileType = file; path = "Lato-Regular.ttf"; sourceTree = "<group>"; };
		4EDEF06D1A2D590D0026997E /* Images.xcassets */ = {isa = PBXFileReference; lastKnownFileType = folder.assetcatalog; path = Images.xcassets; sourceTree = "<group>"; };
/* End PBXFileReference section */

/* Begin PBXFrameworksBuildPhase section */
		4E48D1881A2D3292003244FA /* Frameworks */ = {
			isa = PBXFrameworksBuildPhase;
			buildActionMask = 2147483647;
			files = (
				4E48D1D11A2D386D003244FA /* SystemConfiguration.framework in Frameworks */,
				4E48D1CF1A2D3864003244FA /* StoreKit.framework in Frameworks */,
				4E48D1CD1A2D385D003244FA /* Security.framework in Frameworks */,
				4E48D1CB1A2D3857003244FA /* QuartzCore.framework in Frameworks */,
				4E48D1C91A2D384E003244FA /* MobileCoreServices.framework in Frameworks */,
				4E48D1C71A2D3845003244FA /* libz.dylib in Frameworks */,
				4E48D1C51A2D383D003244FA /* CoreLocation.framework in Frameworks */,
				4E48D1C31A2D3836003244FA /* CoreGraphics.framework in Frameworks */,
				4E48D1C11A2D382F003244FA /* CFNetwork.framework in Frameworks */,
				4E48D1BF1A2D3826003244FA /* AudioToolbox.framework in Frameworks */,
				4E48D1BB1A2D372D003244FA /* ParseUI.framework in Frameworks */,
				4E48D1D31A2D3989003244FA /* FacebookSDK.framework in Frameworks */,
				4E48D1BA1A2D372D003244FA /* ParseFacebookUtils.framework in Frameworks */,
				4E48D1BC1A2D372D003244FA /* Parse.framework in Frameworks */,
				4E48D1B91A2D372D003244FA /* Bolts.framework in Frameworks */,
			);
			runOnlyForDeploymentPostprocessing = 0;
		};
		4E48D1A11A2D3292003244FA /* Frameworks */ = {
			isa = PBXFrameworksBuildPhase;
			buildActionMask = 2147483647;
			files = (
			);
			runOnlyForDeploymentPostprocessing = 0;
		};
/* End PBXFrameworksBuildPhase section */

/* Begin PBXGroup section */
		4E48D1821A2D3292003244FA = {
			isa = PBXGroup;
			children = (
				4E48D18D1A2D3292003244FA /* Daps */,
				4E48D1A71A2D3292003244FA /* DapsTests */,
				4E48D18C1A2D3292003244FA /* Products */,
				4E48D1BD1A2D3734003244FA /* Frameworks */,
			);
			sourceTree = "<group>";
		};
		4E48D18C1A2D3292003244FA /* Products */ = {
			isa = PBXGroup;
			children = (
				4E48D18B1A2D3292003244FA /* Daps.app */,
				4E48D1A41A2D3292003244FA /* DapsTests.xctest */,
			);
			name = Products;
			sourceTree = "<group>";
		};
		4E48D18D1A2D3292003244FA /* Daps */ = {
			isa = PBXGroup;
			children = (
				4E48D1921A2D3292003244FA /* AppDelegate.h */,
				4E48D1931A2D3292003244FA /* AppDelegate.m */,
				4E48D1951A2D3292003244FA /* MainViewController.h */,
				4E48D1961A2D3292003244FA /* MainViewController.m */,
				4E48D1D41A2D3B0D003244FA /* LoginViewController.h */,
				4E48D1D51A2D3B0D003244FA /* LoginViewController.m */,
				4E48D1D71A2D3BAF003244FA /* External */,
				4EDEF06D1A2D590D0026997E /* Images.xcassets */,
				4E48D18E1A2D3292003244FA /* Supporting Files */,
			);
			path = Daps;
			sourceTree = "<group>";
		};
		4E48D18E1A2D3292003244FA /* Supporting Files */ = {
			isa = PBXGroup;
			children = (
				4E48D18F1A2D3292003244FA /* Info.plist */,
				4E48D1901A2D3292003244FA /* main.m */,
			);
			name = "Supporting Files";
			sourceTree = "<group>";
		};
		4E48D1A71A2D3292003244FA /* DapsTests */ = {
			isa = PBXGroup;
			children = (
				4E48D1AA1A2D3292003244FA /* DapsTests.m */,
				4E48D1A81A2D3292003244FA /* Supporting Files */,
			);
			path = DapsTests;
			sourceTree = "<group>";
		};
		4E48D1A81A2D3292003244FA /* Supporting Files */ = {
			isa = PBXGroup;
			children = (
				4E48D1A91A2D3292003244FA /* Info.plist */,
			);
			name = "Supporting Files";
			sourceTree = "<group>";
		};
		4E48D1BD1A2D3734003244FA /* Frameworks */ = {
			isa = PBXGroup;
			children = (
				4E48D1D21A2D3989003244FA /* FacebookSDK.framework */,
				4E48D1D01A2D386D003244FA /* SystemConfiguration.framework */,
				4E48D1CE1A2D3864003244FA /* StoreKit.framework */,
				4E48D1CC1A2D385D003244FA /* Security.framework */,
				4E48D1CA1A2D3857003244FA /* QuartzCore.framework */,
				4E48D1C81A2D384E003244FA /* MobileCoreServices.framework */,
				4E48D1C61A2D3845003244FA /* libz.dylib */,
				4E48D1C41A2D383D003244FA /* CoreLocation.framework */,
				4E48D1C21A2D3836003244FA /* CoreGraphics.framework */,
				4E48D1C01A2D382F003244FA /* CFNetwork.framework */,
				4E48D1BE1A2D3826003244FA /* AudioToolbox.framework */,
				4E48D1B51A2D372D003244FA /* Bolts.framework */,
				4E48D1B61A2D372D003244FA /* ParseFacebookUtils.framework */,
				4E48D1B71A2D372D003244FA /* ParseUI.framework */,
				4E48D1B81A2D372D003244FA /* Parse.framework */,
			);
			name = Frameworks;
			sourceTree = "<group>";
		};
		4E48D1D71A2D3BAF003244FA /* External */ = {
			isa = PBXGroup;
			children = (
				4E48D2171A2D3BFC003244FA /* Fonts */,
				4E48D2121A2D3BEA003244FA /* FlatUIKit */,
			);
			name = External;
			sourceTree = "<group>";
		};
		4E48D2121A2D3BEA003244FA /* FlatUIKit */ = {
			isa = PBXGroup;
			children = (
				4E48D1D81A2D3BC8003244FA /* FlatUIKit.h */,
				4E48D1D91A2D3BC8003244FA /* FUIAlertView.h */,
				4E48D1DA1A2D3BC8003244FA /* FUIAlertView.m */,
				4E48D1DB1A2D3BC8003244FA /* FUIButton.h */,
				4E48D1DC1A2D3BC8003244FA /* FUIButton.m */,
				4E48D1DD1A2D3BC8003244FA /* FUICellBackgroundView.h */,
				4E48D1DE1A2D3BC8003244FA /* FUICellBackgroundView.m */,
				4E48D1DF1A2D3BC8003244FA /* FUIPopoverBackgroundView.h */,
				4E48D1E01A2D3BC8003244FA /* FUIPopoverBackgroundView.m */,
				4E48D1E11A2D3BC8003244FA /* FUISegmentedControl.h */,
				4E48D1E21A2D3BC8003244FA /* FUISegmentedControl.m */,
				4E48D1E31A2D3BC8003244FA /* FUISwitch.h */,
				4E48D1E41A2D3BC8003244FA /* FUISwitch.m */,
				4E48D1E51A2D3BC8003244FA /* FUITextField.h */,
				4E48D1E61A2D3BC8003244FA /* FUITextField.m */,
				4E48D1E71A2D3BC8003244FA /* UIBarButtonItem+FlatUI.h */,
				4E48D1E81A2D3BC8003244FA /* UIBarButtonItem+FlatUI.m */,
				4E48D1E91A2D3BC8003244FA /* UIColor+FlatUI.h */,
				4E48D1EA1A2D3BC8003244FA /* UIColor+FlatUI.m */,
				4E48D1EB1A2D3BC8003244FA /* UIFont+FlatUI.h */,
				4E48D1EC1A2D3BC8003244FA /* UIFont+FlatUI.m */,
				4E48D1ED1A2D3BC8003244FA /* UIImage+FlatUI.h */,
				4E48D1EE1A2D3BC8003244FA /* UIImage+FlatUI.m */,
				4E48D1EF1A2D3BC8003244FA /* UINavigationBar+FlatUI.h */,
				4E48D1F01A2D3BC8003244FA /* UINavigationBar+FlatUI.m */,
				4E48D1F11A2D3BC8003244FA /* UIPopoverController+FlatUI.h */,
				4E48D1F21A2D3BC8003244FA /* UIPopoverController+FlatUI.m */,
				4E48D1F31A2D3BC8003244FA /* UIProgressView+FlatUI.h */,
				4E48D1F41A2D3BC8003244FA /* UIProgressView+FlatUI.m */,
				4E48D1F51A2D3BC8003244FA /* UISlider+FlatUI.h */,
				4E48D1F61A2D3BC8003244FA /* UISlider+FlatUI.m */,
				4E48D1F71A2D3BC8003244FA /* UIStepper+FlatUI.h */,
				4E48D1F81A2D3BC8003244FA /* UIStepper+FlatUI.m */,
				4E48D1F91A2D3BC8003244FA /* UITabBar+FlatUI.h */,
				4E48D1FA1A2D3BC8003244FA /* UITabBar+FlatUI.m */,
				4E48D1FB1A2D3BC8003244FA /* UITableViewCell+FlatUI.h */,
				4E48D1FC1A2D3BC8003244FA /* UITableViewCell+FlatUI.m */,
				4E48D1FD1A2D3BC8003244FA /* UIToolbar+FlatUI.h */,
				4E48D1FE1A2D3BC8003244FA /* UIToolbar+FlatUI.m */,
			);
			name = FlatUIKit;
			sourceTree = "<group>";
		};
		4E48D2171A2D3BFC003244FA /* Fonts */ = {
			isa = PBXGroup;
			children = (
				4E48D2131A2D3BF8003244FA /* Lato-Bold.ttf */,
				4E48D2141A2D3BF8003244FA /* Lato-Italic.ttf */,
				4E48D2151A2D3BF8003244FA /* Lato-Light.ttf */,
				4E48D2161A2D3BF8003244FA /* Lato-Regular.ttf */,
			);
			name = Fonts;
			sourceTree = "<group>";
		};
/* End PBXGroup section */

/* Begin PBXNativeTarget section */
		4E48D18A1A2D3292003244FA /* Daps */ = {
			isa = PBXNativeTarget;
			buildConfigurationList = 4E48D1AE1A2D3292003244FA /* Build configuration list for PBXNativeTarget "Daps" */;
			buildPhases = (
				4E48D1871A2D3292003244FA /* Sources */,
				4E48D1881A2D3292003244FA /* Frameworks */,
				4E48D1891A2D3292003244FA /* Resources */,
			);
			buildRules = (
			);
			dependencies = (
			);
			name = Daps;
			productName = Daps;
			productReference = 4E48D18B1A2D3292003244FA /* Daps.app */;
			productType = "com.apple.product-type.application";
		};
		4E48D1A31A2D3292003244FA /* DapsTests */ = {
			isa = PBXNativeTarget;
			buildConfigurationList = 4E48D1B11A2D3292003244FA /* Build configuration list for PBXNativeTarget "DapsTests" */;
			buildPhases = (
				4E48D1A01A2D3292003244FA /* Sources */,
				4E48D1A11A2D3292003244FA /* Frameworks */,
				4E48D1A21A2D3292003244FA /* Resources */,
			);
			buildRules = (
			);
			dependencies = (
				4E48D1A61A2D3292003244FA /* PBXTargetDependency */,
			);
			name = DapsTests;
			productName = DapsTests;
			productReference = 4E48D1A41A2D3292003244FA /* DapsTests.xctest */;
			productType = "com.apple.product-type.bundle.unit-test";
		};
/* End PBXNativeTarget section */

/* Begin PBXProject section */
		4E48D1831A2D3292003244FA /* Project object */ = {
			isa = PBXProject;
			attributes = {
				LastUpgradeCheck = 0610;
				ORGANIZATIONNAME = Macrolab;
				TargetAttributes = {
					4E48D18A1A2D3292003244FA = {
						CreatedOnToolsVersion = 6.1;
					};
					4E48D1A31A2D3292003244FA = {
						CreatedOnToolsVersion = 6.1;
						TestTargetID = 4E48D18A1A2D3292003244FA;
					};
				};
			};
			buildConfigurationList = 4E48D1861A2D3292003244FA /* Build configuration list for PBXProject "Daps" */;
			compatibilityVersion = "Xcode 3.2";
			developmentRegion = English;
			hasScannedForEncodings = 0;
			knownRegions = (
				en,
				Base,
			);
			mainGroup = 4E48D1821A2D3292003244FA;
			productRefGroup = 4E48D18C1A2D3292003244FA /* Products */;
			projectDirPath = "";
			projectRoot = "";
			targets = (
				4E48D18A1A2D3292003244FA /* Daps */,
				4E48D1A31A2D3292003244FA /* DapsTests */,
			);
		};
/* End PBXProject section */

/* Begin PBXResourcesBuildPhase section */
		4E48D1891A2D3292003244FA /* Resources */ = {
			isa = PBXResourcesBuildPhase;
			buildActionMask = 2147483647;
			files = (
				4EDEF06E1A2D590D0026997E /* Images.xcassets in Resources */,
			);
			runOnlyForDeploymentPostprocessing = 0;
		};
		4E48D1A21A2D3292003244FA /* Resources */ = {
			isa = PBXResourcesBuildPhase;
			buildActionMask = 2147483647;
			files = (
			);
			runOnlyForDeploymentPostprocessing = 0;
		};
/* End PBXResourcesBuildPhase section */

/* Begin PBXSourcesBuildPhase section */
		4E48D1871A2D3292003244FA /* Sources */ = {
			isa = PBXSourcesBuildPhase;
			buildActionMask = 2147483647;
			files = (
				4E48D2041A2D3BC8003244FA /* FUISwitch.m in Sources */,
				4E48D20B1A2D3BC8003244FA /* UIPopoverController+FlatUI.m in Sources */,
				4E48D20F1A2D3BC8003244FA /* UITabBar+FlatUI.m in Sources */,
				4E48D20C1A2D3BC8003244FA /* UIProgressView+FlatUI.m in Sources */,
				4E48D2081A2D3BC8003244FA /* UIFont+FlatUI.m in Sources */,
				4E48D1FF1A2D3BC8003244FA /* FUIAlertView.m in Sources */,
				4E48D1D61A2D3B0D003244FA /* LoginViewController.m in Sources */,
				4E48D2071A2D3BC8003244FA /* UIColor+FlatUI.m in Sources */,
				4E48D2051A2D3BC8003244FA /* FUITextField.m in Sources */,
				4E48D2111A2D3BC8003244FA /* UIToolbar+FlatUI.m in Sources */,
				4E48D20A1A2D3BC8003244FA /* UINavigationBar+FlatUI.m in Sources */,
				4E48D2001A2D3BC8003244FA /* FUIButton.m in Sources */,
				4E48D20D1A2D3BC8003244FA /* UISlider+FlatUI.m in Sources */,
				4E48D2101A2D3BC8003244FA /* UITableViewCell+FlatUI.m in Sources */,
				4E48D2061A2D3BC8003244FA /* UIBarButtonItem+FlatUI.m in Sources */,
				4E48D2011A2D3BC8003244FA /* FUICellBackgroundView.m in Sources */,
				4E48D1971A2D3292003244FA /* MainViewController.m in Sources */,
				4E48D20E1A2D3BC8003244FA /* UIStepper+FlatUI.m in Sources */,
				4E48D1941A2D3292003244FA /* AppDelegate.m in Sources */,
				4E48D2031A2D3BC8003244FA /* FUISegmentedControl.m in Sources */,
				4E48D2091A2D3BC8003244FA /* UIImage+FlatUI.m in Sources */,
				4E48D1911A2D3292003244FA /* main.m in Sources */,
				4E48D2021A2D3BC8003244FA /* FUIPopoverBackgroundView.m in Sources */,
			);
			runOnlyForDeploymentPostprocessing = 0;
		};
		4E48D1A01A2D3292003244FA /* Sources */ = {
			isa = PBXSourcesBuildPhase;
			buildActionMask = 2147483647;
			files = (
				4E48D1AB1A2D3292003244FA /* DapsTests.m in Sources */,
			);
			runOnlyForDeploymentPostprocessing = 0;
		};
/* End PBXSourcesBuildPhase section */

/* Begin PBXTargetDependency section */
		4E48D1A61A2D3292003244FA /* PBXTargetDependency */ = {
			isa = PBXTargetDependency;
			target = 4E48D18A1A2D3292003244FA /* Daps */;
			targetProxy = 4E48D1A51A2D3292003244FA /* PBXContainerItemProxy */;
		};
/* End PBXTargetDependency section */

/* Begin XCBuildConfiguration section */
		4E48D1AC1A2D3292003244FA /* Debug */ = {
			isa = XCBuildConfiguration;
			buildSettings = {
				ALWAYS_SEARCH_USER_PATHS = NO;
				CLANG_CXX_LANGUAGE_STANDARD = "gnu++0x";
				CLANG_CXX_LIBRARY = "libc++";
				CLANG_ENABLE_MODULES = YES;
				CLANG_ENABLE_OBJC_ARC = YES;
				CLANG_WARN_BOOL_CONVERSION = YES;
				CLANG_WARN_CONSTANT_CONVERSION = YES;
				CLANG_WARN_DIRECT_OBJC_ISA_USAGE = YES_ERROR;
				CLANG_WARN_EMPTY_BODY = YES;
				CLANG_WARN_ENUM_CONVERSION = YES;
				CLANG_WARN_INT_CONVERSION = YES;
				CLANG_WARN_OBJC_ROOT_CLASS = YES_ERROR;
				CLANG_WARN_UNREACHABLE_CODE = YES;
				CLANG_WARN__DUPLICATE_METHOD_MATCH = YES;
				"CODE_SIGN_IDENTITY[sdk=iphoneos*]" = "iPhone Developer";
				COPY_PHASE_STRIP = NO;
				ENABLE_STRICT_OBJC_MSGSEND = YES;
				GCC_C_LANGUAGE_STANDARD = gnu99;
				GCC_DYNAMIC_NO_PIC = NO;
				GCC_OPTIMIZATION_LEVEL = 0;
				GCC_PREPROCESSOR_DEFINITIONS = (
					"DEBUG=1",
					"$(inherited)",
				);
				GCC_SYMBOLS_PRIVATE_EXTERN = NO;
				GCC_WARN_64_TO_32_BIT_CONVERSION = YES;
				GCC_WARN_ABOUT_RETURN_TYPE = YES_ERROR;
				GCC_WARN_UNDECLARED_SELECTOR = YES;
				GCC_WARN_UNINITIALIZED_AUTOS = YES_AGGRESSIVE;
				GCC_WARN_UNUSED_FUNCTION = YES;
				GCC_WARN_UNUSED_VARIABLE = YES;
				IPHONEOS_DEPLOYMENT_TARGET = 8.1;
				MTL_ENABLE_DEBUG_INFO = YES;
				ONLY_ACTIVE_ARCH = YES;
				SDKROOT = iphoneos;
				TARGETED_DEVICE_FAMILY = "1,2";
			};
			name = Debug;
		};
		4E48D1AD1A2D3292003244FA /* Release */ = {
			isa = XCBuildConfiguration;
			buildSettings = {
				ALWAYS_SEARCH_USER_PATHS = NO;
				CLANG_CXX_LANGUAGE_STANDARD = "gnu++0x";
				CLANG_CXX_LIBRARY = "libc++";
				CLANG_ENABLE_MODULES = YES;
				CLANG_ENABLE_OBJC_ARC = YES;
				CLANG_WARN_BOOL_CONVERSION = YES;
				CLANG_WARN_CONSTANT_CONVERSION = YES;
				CLANG_WARN_DIRECT_OBJC_ISA_USAGE = YES_ERROR;
				CLANG_WARN_EMPTY_BODY = YES;
				CLANG_WARN_ENUM_CONVERSION = YES;
				CLANG_WARN_INT_CONVERSION = YES;
				CLANG_WARN_OBJC_ROOT_CLASS = YES_ERROR;
				CLANG_WARN_UNREACHABLE_CODE = YES;
				CLANG_WARN__DUPLICATE_METHOD_MATCH = YES;
				"CODE_SIGN_IDENTITY[sdk=iphoneos*]" = "iPhone Developer";
				COPY_PHASE_STRIP = YES;
				ENABLE_NS_ASSERTIONS = NO;
				ENABLE_STRICT_OBJC_MSGSEND = YES;
				GCC_C_LANGUAGE_STANDARD = gnu99;
				GCC_WARN_64_TO_32_BIT_CONVERSION = YES;
				GCC_WARN_ABOUT_RETURN_TYPE = YES_ERROR;
				GCC_WARN_UNDECLARED_SELECTOR = YES;
				GCC_WARN_UNINITIALIZED_AUTOS = YES_AGGRESSIVE;
				GCC_WARN_UNUSED_FUNCTION = YES;
				GCC_WARN_UNUSED_VARIABLE = YES;
				IPHONEOS_DEPLOYMENT_TARGET = 8.1;
				MTL_ENABLE_DEBUG_INFO = NO;
				SDKROOT = iphoneos;
				TARGETED_DEVICE_FAMILY = "1,2";
				VALIDATE_PRODUCT = YES;
			};
			name = Release;
		};
		4E48D1AF1A2D3292003244FA /* Debug */ = {
			isa = XCBuildConfiguration;
			buildSettings = {
				ASSETCATALOG_COMPILER_APPICON_NAME = AppIcon;
				ASSETCATALOG_COMPILER_LAUNCHIMAGE_NAME = LaunchImage;
				CODE_SIGN_IDENTITY = "iOS Development: Kirby Kohlmorgen (TBKN645J8A)";
				FRAMEWORK_SEARCH_PATHS = (
					"$(inherited)",
					"/Users/kirby/Downloads/parse-library-1.5.0",
					/Users/kirby/Documents/FacebookSDK,
				);
				INFOPLIST_FILE = Daps/Info.plist;
				LD_RUNPATH_SEARCH_PATHS = "$(inherited) @executable_path/Frameworks";
				PRODUCT_NAME = "$(TARGET_NAME)";
				TARGETED_DEVICE_FAMILY = 1;
			};
			name = Debug;
		};
		4E48D1B01A2D3292003244FA /* Release */ = {
			isa = XCBuildConfiguration;
			buildSettings = {
				ASSETCATALOG_COMPILER_APPICON_NAME = AppIcon;
				ASSETCATALOG_COMPILER_LAUNCHIMAGE_NAME = LaunchImage;
				CODE_SIGN_IDENTITY = "iOS Development: Kirby Kohlmorgen (TBKN645J8A)";
				FRAMEWORK_SEARCH_PATHS = (
					"$(inherited)",
					"/Users/kirby/Downloads/parse-library-1.5.0",
					/Users/kirby/Documents/FacebookSDK,
				);
				INFOPLIST_FILE = Daps/Info.plist;
				LD_RUNPATH_SEARCH_PATHS = "$(inherited) @executable_path/Frameworks";
				PRODUCT_NAME = "$(TARGET_NAME)";
				TARGETED_DEVICE_FAMILY = 1;
			};
			name = Release;
		};
		4E48D1B21A2D3292003244FA /* Debug */ = {
			isa = XCBuildConfiguration;
			buildSettings = {
				BUNDLE_LOADER = "$(TEST_HOST)";
				FRAMEWORK_SEARCH_PATHS = (
					"$(SDKROOT)/Developer/Library/Frameworks",
					"$(inherited)",
				);
				GCC_PREPROCESSOR_DEFINITIONS = (
					"DEBUG=1",
					"$(inherited)",
				);
				INFOPLIST_FILE = DapsTests/Info.plist;
				LD_RUNPATH_SEARCH_PATHS = "$(inherited) @executable_path/Frameworks @loader_path/Frameworks";
				PRODUCT_NAME = "$(TARGET_NAME)";
				TEST_HOST = "$(BUILT_PRODUCTS_DIR)/Daps.app/Daps";
			};
			name = Debug;
		};
		4E48D1B31A2D3292003244FA /* Release */ = {
			isa = XCBuildConfiguration;
			buildSettings = {
				BUNDLE_LOADER = "$(TEST_HOST)";
				FRAMEWORK_SEARCH_PATHS = (
					"$(SDKROOT)/Developer/Library/Frameworks",
					"$(inherited)",
				);
				INFOPLIST_FILE = DapsTests/Info.plist;
				LD_RUNPATH_SEARCH_PATHS = "$(inherited) @executable_path/Frameworks @loader_path/Frameworks";
				PRODUCT_NAME = "$(TARGET_NAME)";
				TEST_HOST = "$(BUILT_PRODUCTS_DIR)/Daps.app/Daps";
			};
			name = Release;
		};
/* End XCBuildConfiguration section */

/* Begin XCConfigurationList section */
		4E48D1861A2D3292003244FA /* Build configuration list for PBXProject "Daps" */ = {
			isa = XCConfigurationList;
			buildConfigurations = (
				4E48D1AC1A2D3292003244FA /* Debug */,
				4E48D1AD1A2D3292003244FA /* Release */,
			);
			defaultConfigurationIsVisible = 0;
			defaultConfigurationName = Release;
		};
		4E48D1AE1A2D3292003244FA /* Build configuration list for PBXNativeTarget "Daps" */ = {
			isa = XCConfigurationList;
			buildConfigurations = (
				4E48D1AF1A2D3292003244FA /* Debug */,
				4E48D1B01A2D3292003244FA /* Release */,
			);
			defaultConfigurationIsVisible = 0;
			defaultConfigurationName = Release;
		};
		4E48D1B11A2D3292003244FA /* Build configuration list for PBXNativeTarget "DapsTests" */ = {
			isa = XCConfigurationList;
			buildConfigurations = (
				4E48D1B21A2D3292003244FA /* Debug */,
				4E48D1B31A2D3292003244FA /* Release */,
			);
			defaultConfigurationIsVisible = 0;
			defaultConfigurationName = Release;
		};
/* End XCConfigurationList section */
	};
	rootObject = 4E48D1831A2D3292003244FA /* Project object */;
}
